{
  "name": "fastly-real-time-api_to_prometheus",
  "lockfileVersion": 2,
  "requires": true,
  "packages": {
    "": {
      "dependencies": {
        "fastly-real-time-api_to_prometheus": "file:../../../../usr/local/lib/fastly-real-time-api_to_prometheus/nodejs"
      }
    },
    "../../../../usr/local/lib/fastly-real-time-api_to_prometheus/nodejs": {
      "name": "fastly-real-time-api_to_prometheus",
      "version": "1.0.0",
      "dependencies": {
        "command-line-args": "^5.2.1",
        "express": "^4.16.1"
      },
      "devDependencies": {
        "nodemon": "^2.0.16"
      }
    },
    "node_modules/fastly-real-time-api_to_prometheus": {
      "resolved": "../../../../usr/local/lib/fastly-real-time-api_to_prometheus/nodejs",
      "link": true
    }
  },
  "dependencies": {
    "fastly-real-time-api_to_prometheus": {
      "version": "file:../../../../usr/local/lib/fastly-real-time-api_to_prometheus/nodejs",
      "requires": {
        "command-line-args": "^5.2.1",
        "express": "^4.16.1",
        "nodemon": "^2.0.16"
      }
    }
  }
}
